<?xml version="1.0" encoding="utf-8"?>
<Project ToolsVersion="4.0" xmlns="http://schemas.microsoft.com/developer/msbuild/2003">
  <ItemGroup>
    <Filter Include="Source Files">
      <UniqueIdentifier>{4FC737F1-C7A5-4376-A066-2A32D752A2FF}</UniqueIdentifier>
      <Extensions>cpp;c;cc;cxx;def;odl;idl;hpj;bat;asm;asmx</Extensions>
    </Filter>
    <Filter Include="Header Files">
      <UniqueIdentifier>{93995380-89BD-4b04-88EB-625FBE52EBFB}</UniqueIdentifier>
      <Extensions>h;hh;hpp;hxx;hm;inl;inc;xsd</Extensions>
    </Filter>
    <Filter Include="Resource Files">
      <UniqueIdentifier>{67DA6AB6-F800-4c08-8B7A-83BB121AAD01}</UniqueIdentifier>
      <Extensions>rc;ico;cur;bmp;dlg;rc2;rct;bin;rgs;gif;jpg;jpeg;jpe;resx;tiff;tif;png;wav;mfcribbon-ms</Extensions>
    </Filter>
    <Filter Include="Source Files\LexicalScanner">
      <UniqueIdentifier>{2fc5052b-71c3-4240-a9c0-ae9f89cdd8c4}</UniqueIdentifier>
    </Filter>
    <Filter Include="Source Files\examples">
      <UniqueIdentifier>{d30c571a-d5b5-461c-a3bc-0e441ca9d430}</UniqueIdentifier>
    </Filter>
    <Filter Include="Source Files\BuildOutputs">
      <UniqueIdentifier>{a9fc8f27-c103-4e2c-ae7b-36a4abc32890}</UniqueIdentifier>
    </Filter>
    <Filter Include="Source Files\Visitors">
      <UniqueIdentifier>{08146386-6d30-4676-a77c-248e961c6671}</UniqueIdentifier>
    </Filter>
    <Filter Include="Source Files\RuleClasses">
      <UniqueIdentifier>{4b7b8475-d5ed-478c-9ef3-63eac3bb1ce6}</UniqueIdentifier>
    </Filter>
    <Filter Include="Source Files\SymbolsTable">
      <UniqueIdentifier>{4ea6a3de-1a88-4d37-a8cd-b56fed82280c}</UniqueIdentifier>
    </Filter>
    <Filter Include="Source Files\examples\bad examples">
      <UniqueIdentifier>{88adb4ee-f985-495e-9147-494424158afd}</UniqueIdentifier>
    </Filter>
    <Filter Include="Source Files\IRTree">
      <UniqueIdentifier>{e283e4d3-485c-4f40-8b24-3b33311d389a}</UniqueIdentifier>
    </Filter>
    <Filter Include="Source Files\Frame">
      <UniqueIdentifier>{e6fa3341-9ec4-4b5d-a397-d72397d42fce}</UniqueIdentifier>
    </Filter>
    <Filter Include="Source Files\graphviz">
      <UniqueIdentifier>{5cf8e561-2089-429e-b019-f1a5b27fe47f}</UniqueIdentifier>
    </Filter>
    <Filter Include="Source Files\Canon">
      <UniqueIdentifier>{d1a81cb1-bad5-4f13-9dad-09738f53ece1}</UniqueIdentifier>
    </Filter>
  </ItemGroup>
  <ItemGroup>
    <CustomBuild Include="lexer.l">
      <Filter>Source Files</Filter>
    </CustomBuild>
    <CustomBuild Include="parser.y">
      <Filter>Source Files</Filter>
    </CustomBuild>
  </ItemGroup>
  <ItemGroup>
    <ClCompile Include="main.cpp">
      <Filter>Source Files</Filter>
    </ClCompile>
    <ClCompile Include="LexicalScanner\LexicalScanner.cpp">
      <Filter>Source Files\LexicalScanner</Filter>
    </ClCompile>
    <ClCompile Include="BuildOutputs\lexer.cpp">
      <Filter>Source Files\BuildOutputs</Filter>
    </ClCompile>
    <ClCompile Include="BuildOutputs\parser.tab.cpp">
      <Filter>Source Files\BuildOutputs</Filter>
    </ClCompile>
    <ClCompile Include="RuleClasses\Expression.cpp">
      <Filter>Source Files\RuleClasses</Filter>
    </ClCompile>
    <ClCompile Include="RuleClasses\Statement.cpp">
      <Filter>Source Files\RuleClasses</Filter>
    </ClCompile>
    <ClCompile Include="RuleClasses\Type.cpp">
      <Filter>Source Files\RuleClasses</Filter>
    </ClCompile>
    <ClCompile Include="RuleClasses\Formal.cpp">
      <Filter>Source Files\RuleClasses</Filter>
    </ClCompile>
    <ClCompile Include="RuleClasses\Method.cpp">
      <Filter>Source Files\RuleClasses</Filter>
    </ClCompile>
    <ClCompile Include="RuleClasses\Var.cpp">
      <Filter>Source Files\RuleClasses</Filter>
    </ClCompile>
    <ClCompile Include="RuleClasses\Class.cpp">
      <Filter>Source Files\RuleClasses</Filter>
    </ClCompile>
    <ClCompile Include="RuleClasses\MainClass.cpp">
      <Filter>Source Files\RuleClasses</Filter>
    </ClCompile>
    <ClCompile Include="RuleClasses\Program.cpp">
      <Filter>Source Files\RuleClasses</Filter>
    </ClCompile>
    <ClCompile Include="Visitors\PrettyPrinterVisitor.cpp">
      <Filter>Source Files\Visitors</Filter>
    </ClCompile>
    <ClCompile Include="Visitors\TypeCheckerVisitor.cpp">
      <Filter>Source Files\Visitors</Filter>
    </ClCompile>
    <ClCompile Include="ErrorStorage.cpp">
      <Filter>Source Files</Filter>
    </ClCompile>
    <ClCompile Include="Visitors\SymbolTableBuilderVisitor.cpp">
      <Filter>Source Files\Visitors</Filter>
    </ClCompile>
    <ClCompile Include="SymbolsTable\SymbolsTable.cpp">
      <Filter>Source Files\SymbolsTable</Filter>
    </ClCompile>
    <ClCompile Include="SymbolsTable\Symbol.cpp">
      <Filter>Source Files\SymbolsTable</Filter>
    </ClCompile>
    <ClCompile Include="IRTree\Expressions.cpp">
      <Filter>Source Files\IRTree</Filter>
    </ClCompile>
    <ClCompile Include="IRTree\Statements.cpp">
      <Filter>Source Files\IRTree</Filter>
    </ClCompile>
    <ClCompile Include="Frame\Frame.cpp">
      <Filter>Source Files\Frame</Filter>
    </ClCompile>
    <ClCompile Include="Frame\Temp.cpp">
      <Filter>Source Files\Frame</Filter>
    </ClCompile>
    <ClCompile Include="Visitors\IRBuilderVisitor.cpp">
      <Filter>Source Files\Visitors</Filter>
    </ClCompile>
    <ClCompile Include="graphviz\IRTreeToDigraphConverter.cpp">
      <Filter>Source Files\graphviz</Filter>
    </ClCompile>
    <ClCompile Include="Canon\Canon.cpp">
      <Filter>Source Files\Canon</Filter>
    </ClCompile>
    <ClCompile Include="Canon\TraceSchedule.cpp">
      <Filter>Source Files\Canon</Filter>
    </ClCompile>
    <ClCompile Include="Canon\BasicBlocks.cpp">
      <Filter>Source Files\Canon</Filter>
    </ClCompile>
    <ClCompile Include="graphviz\Digraph.cpp">
      <Filter>Source Files\graphviz</Filter>
    </ClCompile>
  </ItemGroup>
  <ItemGroup>
    <ClInclude Include="Position.h">
      <Filter>Source Files</Filter>
    </ClInclude>
    <ClInclude Include="LexicalScanner\LexicalScanner.h">
      <Filter>Source Files\LexicalScanner</Filter>
    </ClInclude>
    <ClInclude Include="BuildOutputs\parser.tab.hpp">
      <Filter>Source Files\BuildOutputs</Filter>
    </ClInclude>
    <ClInclude Include="grammar.h">
      <Filter>Source Files</Filter>
    </ClInclude>
    <ClInclude Include="SymbolsTable\SymbolsTable.h">
      <Filter>Source Files\SymbolsTable</Filter>
    </ClInclude>
    <ClInclude Include="Visitors\PrettyPrinterVisitor.h">
      <Filter>Source Files\Visitors</Filter>
    </ClInclude>
    <ClInclude Include="Visitors\Visitor.h">
      <Filter>Source Files\Visitors</Filter>
    </ClInclude>
    <ClInclude Include="RuleClasses\RuleClasses.h">
      <Filter>Source Files\RuleClasses</Filter>
    </ClInclude>
    <ClInclude Include="Visitors\TypeCheckerVisitor.h">
      <Filter>Source Files\Visitors</Filter>
    </ClInclude>
    <ClInclude Include="ErrorStorage.h">
      <Filter>Source Files</Filter>
    </ClInclude>
    <ClInclude Include="Visitors\SymbolTableBuilderVisitor.h">
      <Filter>Source Files\Visitors</Filter>
    </ClInclude>
    <ClInclude Include="SymbolsTable\Symbol.h">
      <Filter>Source Files\SymbolsTable</Filter>
    </ClInclude>
    <ClInclude Include="RuleClasses\PositionStorage.h">
      <Filter>Source Files\RuleClasses</Filter>
    </ClInclude>
    <ClInclude Include="IRTree\Expressions.h">
      <Filter>Source Files\IRTree</Filter>
    </ClInclude>
    <ClInclude Include="IRTree\Statements.h">
      <Filter>Source Files\IRTree</Filter>
    </ClInclude>
    <ClInclude Include="Frame\Frame.h">
      <Filter>Source Files\Frame</Filter>
    </ClInclude>
    <ClInclude Include="Frame\Temp.h">
      <Filter>Source Files\Frame</Filter>
    </ClInclude>
    <ClInclude Include="Visitors\IRBuilderVisitor.h">
      <Filter>Source Files\Visitors</Filter>
    </ClInclude>
    <ClInclude Include="graphviz\IRTreeToDigraphConverter.h">
      <Filter>Source Files\graphviz</Filter>
    </ClInclude>
    <ClInclude Include="Canon\Canon.h">
      <Filter>Source Files\Canon</Filter>
    </ClInclude>
    <ClInclude Include="Canon\TraceSchedule.h">
      <Filter>Source Files\Canon</Filter>
    </ClInclude>
    <ClInclude Include="Canon\BasicBlocks.h">
      <Filter>Source Files\Canon</Filter>
    </ClInclude>
    <ClInclude Include="graphviz\Digraph.h">
      <Filter>Source Files\graphviz</Filter>
    </ClInclude>
  </ItemGroup>
  <ItemGroup>
    <None Include="BuildOutputs\parser.output">
      <Filter>Source Files\BuildOutputs</Filter>
    </None>
    <None Include="example\Factorial.java">
      <Filter>Source Files\examples</Filter>
    </None>
    <None Include="Canon\traceSchedule.java">
      <Filter>Source Files\Canon</Filter>
    </None>
  </ItemGroup>
  <ItemGroup>
    <Text Include="example\BinarySearch.java.txt">
      <Filter>Source Files\examples</Filter>
    </Text>
    <Text Include="example\BinaryTree.java.txt">
      <Filter>Source Files\examples</Filter>
    </Text>
    <Text Include="example\BubbleSort.java.txt">
      <Filter>Source Files\examples</Filter>
    </Text>
    <Text Include="example\LinearSearch.java.txt">
      <Filter>Source Files\examples</Filter>
    </Text>
    <Text Include="example\LinkedList.java.txt">
      <Filter>Source Files\examples</Filter>
    </Text>
    <Text Include="example\QuickSort.java.txt">
      <Filter>Source Files\examples</Filter>
    </Text>
    <Text Include="example\TreeVisitor.java.txt">
      <Filter>Source Files\examples</Filter>
    </Text>
  </ItemGroup>
</Project>