<?xml version="1.0" encoding="utf-8"?>
<Project ToolsVersion="4.0" xmlns="http://schemas.microsoft.com/developer/msbuild/2003">
  <ItemGroup>
    <Filter Include="Source Files">
      <UniqueIdentifier>{4FC737F1-C7A5-4376-A066-2A32D752A2FF}</UniqueIdentifier>
      <Extensions>cpp;c;cc;cxx;def;odl;idl;hpj;bat;asm;asmx</Extensions>
    </Filter>
    <Filter Include="Header Files">
      <UniqueIdentifier>{93995380-89BD-4b04-88EB-625FBE52EBFB}</UniqueIdentifier>
      <Extensions>h;hh;hpp;hxx;hm;inl;inc;xsd</Extensions>
    </Filter>
    <Filter Include="Resource Files">
      <UniqueIdentifier>{67DA6AB6-F800-4c08-8B7A-83BB121AAD01}</UniqueIdentifier>
      <Extensions>rc;ico;cur;bmp;dlg;rc2;rct;bin;rgs;gif;jpg;jpeg;jpe;resx;tiff;tif;png;wav;mfcribbon-ms</Extensions>
    </Filter>
    <Filter Include="Source Files\LexicalScanner">
      <UniqueIdentifier>{2fc5052b-71c3-4240-a9c0-ae9f89cdd8c4}</UniqueIdentifier>
    </Filter>
    <Filter Include="Source Files\examples">
      <UniqueIdentifier>{d30c571a-d5b5-461c-a3bc-0e441ca9d430}</UniqueIdentifier>
    </Filter>
    <Filter Include="Source Files\BuildOutputs">
      <UniqueIdentifier>{a9fc8f27-c103-4e2c-ae7b-36a4abc32890}</UniqueIdentifier>
    </Filter>
    <Filter Include="Source Files\Visitors">
      <UniqueIdentifier>{08146386-6d30-4676-a77c-248e961c6671}</UniqueIdentifier>
    </Filter>
  </ItemGroup>
  <ItemGroup>
    <CustomBuild Include="lexer.l">
      <Filter>Source Files</Filter>
    </CustomBuild>
    <CustomBuild Include="parser.y">
      <Filter>Source Files</Filter>
    </CustomBuild>
  </ItemGroup>
  <ItemGroup>
    <ClCompile Include="main.cpp">
      <Filter>Source Files</Filter>
    </ClCompile>
    <ClCompile Include="LexicalScanner\LexicalScanner.cpp">
      <Filter>Source Files\LexicalScanner</Filter>
    </ClCompile>
    <ClCompile Include="BuildOutputs\lexer.cpp">
      <Filter>Source Files\BuildOutputs</Filter>
    </ClCompile>
    <ClCompile Include="BuildOutputs\parser.tab.cpp">
      <Filter>Source Files\BuildOutputs</Filter>
    </ClCompile>
  </ItemGroup>
  <ItemGroup>
    <ClInclude Include="Position.h">
      <Filter>Source Files</Filter>
    </ClInclude>
    <ClInclude Include="LexicalScanner\LexicalScanner.h">
      <Filter>Source Files\LexicalScanner</Filter>
    </ClInclude>
    <ClInclude Include="BuildOutputs\parser.tab.hpp">
      <Filter>Source Files\BuildOutputs</Filter>
    </ClInclude>
    <ClInclude Include="grammar.h">
      <Filter>Source Files</Filter>
    </ClInclude>
    <ClInclude Include="Visitor.h">
      <Filter>Source Files\Visitors</Filter>
    </ClInclude>
    <ClInclude Include="RuleClasses.h">
      <Filter>Source Files</Filter>
    </ClInclude>
    <ClInclude Include="PrettyPrinterVisitor.h">
      <Filter>Source Files\Visitors</Filter>
    </ClInclude>
  </ItemGroup>
  <ItemGroup>
    <None Include="BuildOutputs\parser.output">
      <Filter>Source Files\BuildOutputs</Filter>
    </None>
    <None Include="example\Factorial.java">
      <Filter>Source Files\examples</Filter>
    </None>
  </ItemGroup>
  <ItemGroup>
    <Text Include="example\BinarySearch.java.txt">
      <Filter>Source Files\examples</Filter>
    </Text>
    <Text Include="example\BinaryTree.java.txt">
      <Filter>Source Files\examples</Filter>
    </Text>
    <Text Include="example\BubbleSort.java.txt">
      <Filter>Source Files\examples</Filter>
    </Text>
    <Text Include="example\LinearSearch.java.txt">
      <Filter>Source Files\examples</Filter>
    </Text>
    <Text Include="example\LinkedList.java.txt">
      <Filter>Source Files\examples</Filter>
    </Text>
    <Text Include="example\QuickSort.java.txt">
      <Filter>Source Files\examples</Filter>
    </Text>
    <Text Include="example\TreeVisitor.java.txt">
      <Filter>Source Files\examples</Filter>
    </Text>
  </ItemGroup>
</Project>